
Microsoft Visual Studio Solution File, Format Version 12.00
# Visual Studio 2013
VisualStudioVersion = 12.0.21005.1
MinimumVisualStudioVersion = 10.0.40219.1
Project("{8BC9CEB8-8B4A-11D0-8D11-00A0C91BC942}") = "FontMake", "FontMake\FontMake.vcxproj", "{96C8FFC2-B0D4-40ED-9AA7-6ED0A1F5905C}"
EndProject
Global
	GlobalSection(SolutionConfigurationPlatforms) = preSolution
		Debug|Win32 = Debug|Win32
		Release|Win32 = Release|Win32
	EndGlobalSection
	GlobalSection(ProjectConfigurationPlatforms) = postSolution
		{96C8FFC2-B0D4-40ED-9AA7-6ED0A1F5905C}.Debug|Win32.ActiveCfg = Debug|Win32
		{96C8FFC2-B0D4-40ED-9AA7-6ED0A1F5905C}.Debug|Win32.Build.0 = Debug|Win32
		{96C8FFC2-B0D4-40ED-9AA7-6ED0A1F5905C}.Release|Win32.ActiveCfg = Release|Win32
		{96C8FFC2-B0D4-40ED-9AA7-6ED0A1F5905C}.Release|Win32.Build.0 = Release|Win32
	EndGlobalSection
	GlobalSection(SolutionProperties) = preSolution
		HideSolutionNode = FALSE
	EndGlobalSection
EndGlobal
